// !$*UTF8*$!
{
	archiveVersion = 1;
	classes = {
	};
	objectVersion = 51;
	objects = {

/* Begin PBXBuildFile section */
		3132E33823CCB7AD00DE82A2 /* AppDelegate.swift in Sources */ = {isa = PBXBuildFile; fileRef = 3132E33723CCB7AD00DE82A2 /* AppDelegate.swift */; };
		3132E33A23CCB7AD00DE82A2 /* SceneDelegate.swift in Sources */ = {isa = PBXBuildFile; fileRef = 3132E33923CCB7AD00DE82A2 /* SceneDelegate.swift */; };
		3132E33C23CCB7AD00DE82A2 /* FeedVC.swift in Sources */ = {isa = PBXBuildFile; fileRef = 3132E33B23CCB7AD00DE82A2 /* FeedVC.swift */; };
		3132E33E23CCB7AD00DE82A2 /* GroupsVC.swift in Sources */ = {isa = PBXBuildFile; fileRef = 3132E33D23CCB7AD00DE82A2 /* GroupsVC.swift */; };
		3132E34123CCB7AD00DE82A2 /* Main.storyboard in Resources */ = {isa = PBXBuildFile; fileRef = 3132E33F23CCB7AD00DE82A2 /* Main.storyboard */; };
		3132E34323CCB7B400DE82A2 /* Assets.xcassets in Resources */ = {isa = PBXBuildFile; fileRef = 3132E34223CCB7B400DE82A2 /* Assets.xcassets */; };
		3132E34623CCB7B400DE82A2 /* LaunchScreen.storyboard in Resources */ = {isa = PBXBuildFile; fileRef = 3132E34423CCB7B400DE82A2 /* LaunchScreen.storyboard */; };
		3132E35423CCB88A00DE82A2 /* Constants.swift in Sources */ = {isa = PBXBuildFile; fileRef = 3132E35323CCB88A00DE82A2 /* Constants.swift */; };
		3132E35623CCC08100DE82A2 /* GoogleService-Info.plist in Resources */ = {isa = PBXBuildFile; fileRef = 3132E35523CCC08100DE82A2 /* GoogleService-Info.plist */; };
		3132E35823CCC73C00DE82A2 /* DataService.swift in Sources */ = {isa = PBXBuildFile; fileRef = 3132E35723CCC73C00DE82A2 /* DataService.swift */; };
		3132E35A23CCD17200DE82A2 /* AuthVC.swift in Sources */ = {isa = PBXBuildFile; fileRef = 3132E35923CCD17200DE82A2 /* AuthVC.swift */; };
		3132E35C23CCD19A00DE82A2 /* LoginVC.swift in Sources */ = {isa = PBXBuildFile; fileRef = 3132E35B23CCD19A00DE82A2 /* LoginVC.swift */; };
		3132E35E23CCD22500DE82A2 /* InsetTextField.swift in Sources */ = {isa = PBXBuildFile; fileRef = 3132E35D23CCD22500DE82A2 /* InsetTextField.swift */; };
		3132E36023CCD63600DE82A2 /* ShadowView.swift in Sources */ = {isa = PBXBuildFile; fileRef = 3132E35F23CCD63600DE82A2 /* ShadowView.swift */; };
		3151C39D23D1042B000C6D5F /* GroupCell.swift in Sources */ = {isa = PBXBuildFile; fileRef = 3151C39C23D1042B000C6D5F /* GroupCell.swift */; };
		3151C39F23D108C6000C6D5F /* Group.swift in Sources */ = {isa = PBXBuildFile; fileRef = 3151C39E23D108C6000C6D5F /* Group.swift */; };
		3167F69D23CFA267008246F9 /* UIViewExt.swift in Sources */ = {isa = PBXBuildFile; fileRef = 3167F69C23CFA267008246F9 /* UIViewExt.swift */; };
		3167F6A123CFA736008246F9 /* FeedCell.swift in Sources */ = {isa = PBXBuildFile; fileRef = 3167F6A023CFA736008246F9 /* FeedCell.swift */; };
		3167F6A323CFA84D008246F9 /* Message.swift in Sources */ = {isa = PBXBuildFile; fileRef = 3167F6A223CFA84D008246F9 /* Message.swift */; };
		3167F6A523CFBC30008246F9 /* CreateGroupVC.swift in Sources */ = {isa = PBXBuildFile; fileRef = 3167F6A423CFBC30008246F9 /* CreateGroupVC.swift */; };
		3167F6A723CFC0A4008246F9 /* UserCell.swift in Sources */ = {isa = PBXBuildFile; fileRef = 3167F6A623CFC0A4008246F9 /* UserCell.swift */; };
		3175FF7223CE265100D0458C /* AuthService.swift in Sources */ = {isa = PBXBuildFile; fileRef = 3175FF7123CE265100D0458C /* AuthService.swift */; };
		31A3E9C323CF742300D53458 /* MeVC.swift in Sources */ = {isa = PBXBuildFile; fileRef = 31A3E9C223CF742300D53458 /* MeVC.swift */; };
		31A3E9C523CF796B00D53458 /* CreatePostVC.swift in Sources */ = {isa = PBXBuildFile; fileRef = 31A3E9C423CF796B00D53458 /* CreatePostVC.swift */; };
		38AFB45F658C3073A7667C4D /* Pods_social_dev.framework in Frameworks */ = {isa = PBXBuildFile; fileRef = 7190299D38705716A189899C /* Pods_social_dev.framework */; };
/* End PBXBuildFile section */

/* Begin PBXFileReference section */
		3132E33423CCB7AD00DE82A2 /* social-dev.app */ = {isa = PBXFileReference; explicitFileType = wrapper.application; includeInIndex = 0; path = "social-dev.app"; sourceTree = BUILT_PRODUCTS_DIR; };
		3132E33723CCB7AD00DE82A2 /* AppDelegate.swift */ = {isa = PBXFileReference; lastKnownFileType = sourcecode.swift; path = AppDelegate.swift; sourceTree = "<group>"; };
		3132E33923CCB7AD00DE82A2 /* SceneDelegate.swift */ = {isa = PBXFileReference; lastKnownFileType = sourcecode.swift; path = SceneDelegate.swift; sourceTree = "<group>"; };
		3132E33B23CCB7AD00DE82A2 /* FeedVC.swift */ = {isa = PBXFileReference; lastKnownFileType = sourcecode.swift; path = FeedVC.swift; sourceTree = "<group>"; };
		3132E33D23CCB7AD00DE82A2 /* GroupsVC.swift */ = {isa = PBXFileReference; lastKnownFileType = sourcecode.swift; path = GroupsVC.swift; sourceTree = "<group>"; };
		3132E34023CCB7AD00DE82A2 /* Base */ = {isa = PBXFileReference; lastKnownFileType = file.storyboard; name = Base; path = Base.lproj/Main.storyboard; sourceTree = "<group>"; };
		3132E34223CCB7B400DE82A2 /* Assets.xcassets */ = {isa = PBXFileReference; lastKnownFileType = folder.assetcatalog; path = Assets.xcassets; sourceTree = "<group>"; };
		3132E34523CCB7B400DE82A2 /* Base */ = {isa = PBXFileReference; lastKnownFileType = file.storyboard; name = Base; path = Base.lproj/LaunchScreen.storyboard; sourceTree = "<group>"; };
		3132E34723CCB7B400DE82A2 /* Info.plist */ = {isa = PBXFileReference; lastKnownFileType = text.plist.xml; path = Info.plist; sourceTree = "<group>"; };
		3132E35323CCB88A00DE82A2 /* Constants.swift */ = {isa = PBXFileReference; lastKnownFileType = sourcecode.swift; path = Constants.swift; sourceTree = "<group>"; };
		3132E35523CCC08100DE82A2 /* GoogleService-Info.plist */ = {isa = PBXFileReference; fileEncoding = 4; lastKnownFileType = text.plist.xml; path = "GoogleService-Info.plist"; sourceTree = "<group>"; };
		3132E35723CCC73C00DE82A2 /* DataService.swift */ = {isa = PBXFileReference; lastKnownFileType = sourcecode.swift; path = DataService.swift; sourceTree = "<group>"; };
		3132E35923CCD17200DE82A2 /* AuthVC.swift */ = {isa = PBXFileReference; lastKnownFileType = sourcecode.swift; path = AuthVC.swift; sourceTree = "<group>"; };
		3132E35B23CCD19A00DE82A2 /* LoginVC.swift */ = {isa = PBXFileReference; lastKnownFileType = sourcecode.swift; path = LoginVC.swift; sourceTree = "<group>"; };
		3132E35D23CCD22500DE82A2 /* InsetTextField.swift */ = {isa = PBXFileReference; lastKnownFileType = sourcecode.swift; path = InsetTextField.swift; sourceTree = "<group>"; };
		3132E35F23CCD63600DE82A2 /* ShadowView.swift */ = {isa = PBXFileReference; lastKnownFileType = sourcecode.swift; path = ShadowView.swift; sourceTree = "<group>"; };
		3151C39C23D1042B000C6D5F /* GroupCell.swift */ = {isa = PBXFileReference; lastKnownFileType = sourcecode.swift; path = GroupCell.swift; sourceTree = "<group>"; };
		3151C39E23D108C6000C6D5F /* Group.swift */ = {isa = PBXFileReference; lastKnownFileType = sourcecode.swift; path = Group.swift; sourceTree = "<group>"; };
		3167F69C23CFA267008246F9 /* UIViewExt.swift */ = {isa = PBXFileReference; fileEncoding = 4; lastKnownFileType = sourcecode.swift; path = UIViewExt.swift; sourceTree = "<group>"; };
		3167F6A023CFA736008246F9 /* FeedCell.swift */ = {isa = PBXFileReference; lastKnownFileType = sourcecode.swift; path = FeedCell.swift; sourceTree = "<group>"; };
		3167F6A223CFA84D008246F9 /* Message.swift */ = {isa = PBXFileReference; lastKnownFileType = sourcecode.swift; path = Message.swift; sourceTree = "<group>"; };
		3167F6A423CFBC30008246F9 /* CreateGroupVC.swift */ = {isa = PBXFileReference; lastKnownFileType = sourcecode.swift; path = CreateGroupVC.swift; sourceTree = "<group>"; };
		3167F6A623CFC0A4008246F9 /* UserCell.swift */ = {isa = PBXFileReference; lastKnownFileType = sourcecode.swift; path = UserCell.swift; sourceTree = "<group>"; };
		3175FF7123CE265100D0458C /* AuthService.swift */ = {isa = PBXFileReference; lastKnownFileType = sourcecode.swift; path = AuthService.swift; sourceTree = "<group>"; };
		31A3E9C223CF742300D53458 /* MeVC.swift */ = {isa = PBXFileReference; lastKnownFileType = sourcecode.swift; path = MeVC.swift; sourceTree = "<group>"; };
		31A3E9C423CF796B00D53458 /* CreatePostVC.swift */ = {isa = PBXFileReference; lastKnownFileType = sourcecode.swift; path = CreatePostVC.swift; sourceTree = "<group>"; };
		7190299D38705716A189899C /* Pods_social_dev.framework */ = {isa = PBXFileReference; explicitFileType = wrapper.framework; includeInIndex = 0; path = Pods_social_dev.framework; sourceTree = BUILT_PRODUCTS_DIR; };
		D5FEC5F70E068842ED0C91F4 /* Pods-social-dev.release.xcconfig */ = {isa = PBXFileReference; includeInIndex = 1; lastKnownFileType = text.xcconfig; name = "Pods-social-dev.release.xcconfig"; path = "Target Support Files/Pods-social-dev/Pods-social-dev.release.xcconfig"; sourceTree = "<group>"; };
		F14BF35F17CB2DF4A2F53CF0 /* Pods-social-dev.debug.xcconfig */ = {isa = PBXFileReference; includeInIndex = 1; lastKnownFileType = text.xcconfig; name = "Pods-social-dev.debug.xcconfig"; path = "Target Support Files/Pods-social-dev/Pods-social-dev.debug.xcconfig"; sourceTree = "<group>"; };
/* End PBXFileReference section */

/* Begin PBXFrameworksBuildPhase section */
		3132E33123CCB7AD00DE82A2 /* Frameworks */ = {
			isa = PBXFrameworksBuildPhase;
			buildActionMask = 2147483647;
			files = (
				38AFB45F658C3073A7667C4D /* Pods_social_dev.framework in Frameworks */,
			);
			runOnlyForDeploymentPostprocessing = 0;
		};
/* End PBXFrameworksBuildPhase section */

/* Begin PBXGroup section */
		1284A64518683B7A296D773A /* Frameworks */ = {
			isa = PBXGroup;
			children = (
				7190299D38705716A189899C /* Pods_social_dev.framework */,
			);
			name = Frameworks;
			sourceTree = "<group>";
		};
		3132E32B23CCB7AD00DE82A2 = {
			isa = PBXGroup;
			children = (
				3132E33623CCB7AD00DE82A2 /* social-dev */,
				3132E33523CCB7AD00DE82A2 /* Products */,
				E9A366AA3847C23AA0864D7A /* Pods */,
				1284A64518683B7A296D773A /* Frameworks */,
			);
			sourceTree = "<group>";
		};
		3132E33523CCB7AD00DE82A2 /* Products */ = {
			isa = PBXGroup;
			children = (
				3132E33423CCB7AD00DE82A2 /* social-dev.app */,
			);
			name = Products;
			sourceTree = "<group>";
		};
		3132E33623CCB7AD00DE82A2 /* social-dev */ = {
			isa = PBXGroup;
			children = (
				3132E35223CCB82800DE82A2 /* Utilities */,
				3132E35123CCB82000DE82A2 /* Services */,
				3132E35023CCB80000DE82A2 /* Extensions */,
				3132E34F23CCB7EC00DE82A2 /* Model */,
				3132E34E23CCB7E600DE82A2 /* View */,
				3132E34D23CCB7D500DE82A2 /* Controller */,
				3132E33723CCB7AD00DE82A2 /* AppDelegate.swift */,
				3132E33923CCB7AD00DE82A2 /* SceneDelegate.swift */,
				3132E33F23CCB7AD00DE82A2 /* Main.storyboard */,
				3132E34223CCB7B400DE82A2 /* Assets.xcassets */,
				3132E34423CCB7B400DE82A2 /* LaunchScreen.storyboard */,
				3132E34723CCB7B400DE82A2 /* Info.plist */,
				3132E35523CCC08100DE82A2 /* GoogleService-Info.plist */,
			);
			path = "social-dev";
			sourceTree = "<group>";
		};
		3132E34D23CCB7D500DE82A2 /* Controller */ = {
			isa = PBXGroup;
			children = (
				3132E33B23CCB7AD00DE82A2 /* FeedVC.swift */,
				3132E33D23CCB7AD00DE82A2 /* GroupsVC.swift */,
				3132E35923CCD17200DE82A2 /* AuthVC.swift */,
				3132E35B23CCD19A00DE82A2 /* LoginVC.swift */,
				31A3E9C223CF742300D53458 /* MeVC.swift */,
				31A3E9C423CF796B00D53458 /* CreatePostVC.swift */,
				3167F6A423CFBC30008246F9 /* CreateGroupVC.swift */,
			);
			path = Controller;
			sourceTree = "<group>";
		};
		3132E34E23CCB7E600DE82A2 /* View */ = {
			isa = PBXGroup;
			children = (
				3132E35D23CCD22500DE82A2 /* InsetTextField.swift */,
				3132E35F23CCD63600DE82A2 /* ShadowView.swift */,
				3167F6A023CFA736008246F9 /* FeedCell.swift */,
				3167F6A623CFC0A4008246F9 /* UserCell.swift */,
				3151C39C23D1042B000C6D5F /* GroupCell.swift */,
			);
			path = View;
			sourceTree = "<group>";
		};
		3132E34F23CCB7EC00DE82A2 /* Model */ = {
			isa = PBXGroup;
			children = (
				3167F6A223CFA84D008246F9 /* Message.swift */,
				3151C39E23D108C6000C6D5F /* Group.swift */,
			);
			path = Model;
			sourceTree = "<group>";
		};
		3132E35023CCB80000DE82A2 /* Extensions */ = {
			isa = PBXGroup;
			children = (
				3167F69C23CFA267008246F9 /* UIViewExt.swift */,
			);
			path = Extensions;
			sourceTree = "<group>";
		};
		3132E35123CCB82000DE82A2 /* Services */ = {
			isa = PBXGroup;
			children = (
				3132E35723CCC73C00DE82A2 /* DataService.swift */,
				3175FF7123CE265100D0458C /* AuthService.swift */,
			);
			path = Services;
			sourceTree = "<group>";
		};
		3132E35223CCB82800DE82A2 /* Utilities */ = {
			isa = PBXGroup;
			children = (
				3132E35323CCB88A00DE82A2 /* Constants.swift */,
			);
			path = Utilities;
			sourceTree = "<group>";
		};
		E9A366AA3847C23AA0864D7A /* Pods */ = {
			isa = PBXGroup;
			children = (
				F14BF35F17CB2DF4A2F53CF0 /* Pods-social-dev.debug.xcconfig */,
				D5FEC5F70E068842ED0C91F4 /* Pods-social-dev.release.xcconfig */,
			);
			path = Pods;
			sourceTree = "<group>";
		};
/* End PBXGroup section */

/* Begin PBXNativeTarget section */
		3132E33323CCB7AD00DE82A2 /* social-dev */ = {
			isa = PBXNativeTarget;
			buildConfigurationList = 3132E34A23CCB7B400DE82A2 /* Build configuration list for PBXNativeTarget "social-dev" */;
			buildPhases = (
				6F5C96E4D9C193982092F55B /* [CP] Check Pods Manifest.lock */,
				3132E33023CCB7AD00DE82A2 /* Sources */,
				3132E33123CCB7AD00DE82A2 /* Frameworks */,
				3132E33223CCB7AD00DE82A2 /* Resources */,
				9B42C162191ED6CE75A94B46 /* [CP] Embed Pods Frameworks */,
			);
			buildRules = (
			);
			dependencies = (
			);
			name = "social-dev";
			productName = "social-dev";
			productReference = 3132E33423CCB7AD00DE82A2 /* social-dev.app */;
			productType = "com.apple.product-type.application";
		};
/* End PBXNativeTarget section */

/* Begin PBXProject section */
		3132E32C23CCB7AD00DE82A2 /* Project object */ = {
			isa = PBXProject;
			attributes = {
				LastSwiftUpdateCheck = 1130;
				LastUpgradeCheck = 1130;
				ORGANIZATIONNAME = "Kilyan SOCKALINGUM";
				TargetAttributes = {
					3132E33323CCB7AD00DE82A2 = {
						CreatedOnToolsVersion = 11.3;
					};
				};
			};
			buildConfigurationList = 3132E32F23CCB7AD00DE82A2 /* Build configuration list for PBXProject "social-dev" */;
			compatibilityVersion = "Xcode 9.3";
			developmentRegion = en;
			hasScannedForEncodings = 0;
			knownRegions = (
				en,
				Base,
			);
			mainGroup = 3132E32B23CCB7AD00DE82A2;
			productRefGroup = 3132E33523CCB7AD00DE82A2 /* Products */;
			projectDirPath = "";
			projectRoot = "";
			targets = (
				3132E33323CCB7AD00DE82A2 /* social-dev */,
			);
		};
/* End PBXProject section */

/* Begin PBXResourcesBuildPhase section */
		3132E33223CCB7AD00DE82A2 /* Resources */ = {
			isa = PBXResourcesBuildPhase;
			buildActionMask = 2147483647;
			files = (
				3132E34623CCB7B400DE82A2 /* LaunchScreen.storyboard in Resources */,
				3132E35623CCC08100DE82A2 /* GoogleService-Info.plist in Resources */,
				3132E34323CCB7B400DE82A2 /* Assets.xcassets in Resources */,
				3132E34123CCB7AD00DE82A2 /* Main.storyboard in Resources */,
			);
			runOnlyForDeploymentPostprocessing = 0;
		};
/* End PBXResourcesBuildPhase section */

/* Begin PBXShellScriptBuildPhase section */
		6F5C96E4D9C193982092F55B /* [CP] Check Pods Manifest.lock */ = {
			isa = PBXShellScriptBuildPhase;
			buildActionMask = 2147483647;
			files = (
			);
			inputFileListPaths = (
			);
			inputPaths = (
				"${PODS_PODFILE_DIR_PATH}/Podfile.lock",
				"${PODS_ROOT}/Manifest.lock",
			);
			name = "[CP] Check Pods Manifest.lock";
			outputFileListPaths = (
			);
			outputPaths = (
				"$(DERIVED_FILE_DIR)/Pods-social-dev-checkManifestLockResult.txt",
			);
			runOnlyForDeploymentPostprocessing = 0;
			shellPath = /bin/sh;
			shellScript = "diff \"${PODS_PODFILE_DIR_PATH}/Podfile.lock\" \"${PODS_ROOT}/Manifest.lock\" > /dev/null\nif [ $? != 0 ] ; then\n    # print error to STDERR\n    echo \"error: The sandbox is not in sync with the Podfile.lock. Run 'pod install' or update your CocoaPods installation.\" >&2\n    exit 1\nfi\n# This output is used by Xcode 'outputs' to avoid re-running this script phase.\necho \"SUCCESS\" > \"${SCRIPT_OUTPUT_FILE_0}\"\n";
			showEnvVarsInLog = 0;
		};
		9B42C162191ED6CE75A94B46 /* [CP] Embed Pods Frameworks */ = {
			isa = PBXShellScriptBuildPhase;
			buildActionMask = 2147483647;
			files = (
			);
			inputFileListPaths = (
				"${PODS_ROOT}/Target Support Files/Pods-social-dev/Pods-social-dev-frameworks-${CONFIGURATION}-input-files.xcfilelist",
			);
			name = "[CP] Embed Pods Frameworks";
			outputFileListPaths = (
				"${PODS_ROOT}/Target Support Files/Pods-social-dev/Pods-social-dev-frameworks-${CONFIGURATION}-output-files.xcfilelist",
			);
			runOnlyForDeploymentPostprocessing = 0;
			shellPath = /bin/sh;
			shellScript = "\"${PODS_ROOT}/Target Support Files/Pods-social-dev/Pods-social-dev-frameworks.sh\"\n";
			showEnvVarsInLog = 0;
		};
/* End PBXShellScriptBuildPhase section */

/* Begin PBXSourcesBuildPhase section */
		3132E33023CCB7AD00DE82A2 /* Sources */ = {
			isa = PBXSourcesBuildPhase;
			buildActionMask = 2147483647;
			files = (
				3167F69D23CFA267008246F9 /* UIViewExt.swift in Sources */,
				3132E35423CCB88A00DE82A2 /* Constants.swift in Sources */,
				3151C39D23D1042B000C6D5F /* GroupCell.swift in Sources */,
				3151C39F23D108C6000C6D5F /* Group.swift in Sources */,
				3132E33E23CCB7AD00DE82A2 /* GroupsVC.swift in Sources */,
				3132E35C23CCD19A00DE82A2 /* LoginVC.swift in Sources */,
				3132E33C23CCB7AD00DE82A2 /* FeedVC.swift in Sources */,
				3167F6A523CFBC30008246F9 /* CreateGroupVC.swift in Sources */,
				3167F6A723CFC0A4008246F9 /* UserCell.swift in Sources */,
				31A3E9C323CF742300D53458 /* MeVC.swift in Sources */,
				3132E36023CCD63600DE82A2 /* ShadowView.swift in Sources */,
				3175FF7223CE265100D0458C /* AuthService.swift in Sources */,
				3132E35823CCC73C00DE82A2 /* DataService.swift in Sources */,
				3132E35A23CCD17200DE82A2 /* AuthVC.swift in Sources */,
				3132E33823CCB7AD00DE82A2 /* AppDelegate.swift in Sources */,
				3167F6A123CFA736008246F9 /* FeedCell.swift in Sources */,
				3132E33A23CCB7AD00DE82A2 /* SceneDelegate.swift in Sources */,
				3167F6A323CFA84D008246F9 /* Message.swift in Sources */,
				3132E35E23CCD22500DE82A2 /* InsetTextField.swift in Sources */,
				31A3E9C523CF796B00D53458 /* CreatePostVC.swift in Sources */,
			);
			runOnlyForDeploymentPostprocessing = 0;
		};
/* End PBXSourcesBuildPhase section */

/* Begin PBXVariantGroup section */
		3132E33F23CCB7AD00DE82A2 /* Main.storyboard */ = {
			isa = PBXVariantGroup;
			children = (
				3132E34023CCB7AD00DE82A2 /* Base */,
			);
			name = Main.storyboard;
			sourceTree = "<group>";
		};
		3132E34423CCB7B400DE82A2 /* LaunchScreen.storyboard */ = {
			isa = PBXVariantGroup;
			children = (
				3132E34523CCB7B400DE82A2 /* Base */,
			);
			name = LaunchScreen.storyboard;
			sourceTree = "<group>";
		};
/* End PBXVariantGroup section */

/* Begin XCBuildConfiguration section */
		3132E34823CCB7B400DE82A2 /* Debug */ = {
			isa = XCBuildConfiguration;
			buildSettings = {
				ALWAYS_SEARCH_USER_PATHS = NO;
				CLANG_ANALYZER_NONNULL = YES;
				CLANG_ANALYZER_NUMBER_OBJECT_CONVERSION = YES_AGGRESSIVE;
				CLANG_CXX_LANGUAGE_STANDARD = "gnu++14";
				CLANG_CXX_LIBRARY = "libc++";
				CLANG_ENABLE_MODULES = YES;
				CLANG_ENABLE_OBJC_ARC = YES;
				CLANG_ENABLE_OBJC_WEAK = YES;
				CLANG_WARN_BLOCK_CAPTURE_AUTORELEASING = YES;
				CLANG_WARN_BOOL_CONVERSION = YES;
				CLANG_WARN_COMMA = YES;
				CLANG_WARN_CONSTANT_CONVERSION = YES;
				CLANG_WARN_DEPRECATED_OBJC_IMPLEMENTATIONS = YES;
				CLANG_WARN_DIRECT_OBJC_ISA_USAGE = YES_ERROR;
				CLANG_WARN_DOCUMENTATION_COMMENTS = YES;
				CLANG_WARN_EMPTY_BODY = YES;
				CLANG_WARN_ENUM_CONVERSION = YES;
				CLANG_WARN_INFINITE_RECURSION = YES;
				CLANG_WARN_INT_CONVERSION = YES;
				CLANG_WARN_NON_LITERAL_NULL_CONVERSION = YES;
				CLANG_WARN_OBJC_IMPLICIT_RETAIN_SELF = YES;
				CLANG_WARN_OBJC_LITERAL_CONVERSION = YES;
				CLANG_WARN_OBJC_ROOT_CLASS = YES_ERROR;
				CLANG_WARN_RANGE_LOOP_ANALYSIS = YES;
				CLANG_WARN_STRICT_PROTOTYPES = YES;
				CLANG_WARN_SUSPICIOUS_MOVE = YES;
				CLANG_WARN_UNGUARDED_AVAILABILITY = YES_AGGRESSIVE;
				CLANG_WARN_UNREACHABLE_CODE = YES;
				CLANG_WARN__DUPLICATE_METHOD_MATCH = YES;
				COPY_PHASE_STRIP = NO;
				DEBUG_INFORMATION_FORMAT = dwarf;
				ENABLE_STRICT_OBJC_MSGSEND = YES;
				ENABLE_TESTABILITY = YES;
				GCC_C_LANGUAGE_STANDARD = gnu11;
				GCC_DYNAMIC_NO_PIC = NO;
				GCC_NO_COMMON_BLOCKS = YES;
				GCC_OPTIMIZATION_LEVEL = 0;
				GCC_PREPROCESSOR_DEFINITIONS = (
					"DEBUG=1",
					"$(inherited)",
				);
				GCC_WARN_64_TO_32_BIT_CONVERSION = YES;
				GCC_WARN_ABOUT_RETURN_TYPE = YES_ERROR;
				GCC_WARN_UNDECLARED_SELECTOR = YES;
				GCC_WARN_UNINITIALIZED_AUTOS = YES_AGGRESSIVE;
				GCC_WARN_UNUSED_FUNCTION = YES;
				GCC_WARN_UNUSED_VARIABLE = YES;
				IPHONEOS_DEPLOYMENT_TARGET = 13.2;
				MTL_ENABLE_DEBUG_INFO = INCLUDE_SOURCE;
				MTL_FAST_MATH = YES;
				ONLY_ACTIVE_ARCH = YES;
				SDKROOT = iphoneos;
				SWIFT_ACTIVE_COMPILATION_CONDITIONS = DEBUG;
				SWIFT_OPTIMIZATION_LEVEL = "-Onone";
			};
			name = Debug;
		};
		3132E34923CCB7B400DE82A2 /* Release */ = {
			isa = XCBuildConfiguration;
			buildSettings = {
				ALWAYS_SEARCH_USER_PATHS = NO;
				CLANG_ANALYZER_NONNULL = YES;
				CLANG_ANALYZER_NUMBER_OBJECT_CONVERSION = YES_AGGRESSIVE;
				CLANG_CXX_LANGUAGE_STANDARD = "gnu++14";
				CLANG_CXX_LIBRARY = "libc++";
				CLANG_ENABLE_MODULES = YES;
				CLANG_ENABLE_OBJC_ARC = YES;
				CLANG_ENABLE_OBJC_WEAK = YES;
				CLANG_WARN_BLOCK_CAPTURE_AUTORELEASING = YES;
				CLANG_WARN_BOOL_CONVERSION = YES;
				CLANG_WARN_COMMA = YES;
				CLANG_WARN_CONSTANT_CONVERSION = YES;
				CLANG_WARN_DEPRECATED_OBJC_IMPLEMENTATIONS = YES;
				CLANG_WARN_DIRECT_OBJC_ISA_USAGE = YES_ERROR;
				CLANG_WARN_DOCUMENTATION_COMMENTS = YES;
				CLANG_WARN_EMPTY_BODY = YES;
				CLANG_WARN_ENUM_CONVERSION = YES;
				CLANG_WARN_INFINITE_RECURSION = YES;
				CLANG_WARN_INT_CONVERSION = YES;
				CLANG_WARN_NON_LITERAL_NULL_CONVERSION = YES;
				CLANG_WARN_OBJC_IMPLICIT_RETAIN_SELF = YES;
				CLANG_WARN_OBJC_LITERAL_CONVERSION = YES;
				CLANG_WARN_OBJC_ROOT_CLASS = YES_ERROR;
				CLANG_WARN_RANGE_LOOP_ANALYSIS = YES;
				CLANG_WARN_STRICT_PROTOTYPES = YES;
				CLANG_WARN_SUSPICIOUS_MOVE = YES;
				CLANG_WARN_UNGUARDED_AVAILABILITY = YES_AGGRESSIVE;
				CLANG_WARN_UNREACHABLE_CODE = YES;
				CLANG_WARN__DUPLICATE_METHOD_MATCH = YES;
				COPY_PHASE_STRIP = NO;
				DEBUG_INFORMATION_FORMAT = "dwarf-with-dsym";
				ENABLE_NS_ASSERTIONS = NO;
				ENABLE_STRICT_OBJC_MSGSEND = YES;
				GCC_C_LANGUAGE_STANDARD = gnu11;
				GCC_NO_COMMON_BLOCKS = YES;
				GCC_WARN_64_TO_32_BIT_CONVERSION = YES;
				GCC_WARN_ABOUT_RETURN_TYPE = YES_ERROR;
				GCC_WARN_UNDECLARED_SELECTOR = YES;
				GCC_WARN_UNINITIALIZED_AUTOS = YES_AGGRESSIVE;
				GCC_WARN_UNUSED_FUNCTION = YES;
				GCC_WARN_UNUSED_VARIABLE = YES;
				IPHONEOS_DEPLOYMENT_TARGET = 13.2;
				MTL_ENABLE_DEBUG_INFO = NO;
				MTL_FAST_MATH = YES;
				SDKROOT = iphoneos;
				SWIFT_COMPILATION_MODE = wholemodule;
				SWIFT_OPTIMIZATION_LEVEL = "-O";
				VALIDATE_PRODUCT = YES;
			};
			name = Release;
		};
		3132E34B23CCB7B400DE82A2 /* Debug */ = {
			isa = XCBuildConfiguration;
			baseConfigurationReference = F14BF35F17CB2DF4A2F53CF0 /* Pods-social-dev.debug.xcconfig */;
			buildSettings = {
				ASSETCATALOG_COMPILER_APPICON_NAME = AppIcon;
				CODE_SIGN_STYLE = Automatic;
				DEVELOPMENT_TEAM = T32TPN22R5;
				INFOPLIST_FILE = "social-dev/Info.plist";
				LD_RUNPATH_SEARCH_PATHS = (
					"$(inherited)",
					"@executable_path/Frameworks",
				);
				PRODUCT_BUNDLE_IDENTIFIER = "com.kilyansockalingum.social-dev";
				PRODUCT_NAME = "$(TARGET_NAME)";
				SWIFT_VERSION = 5.0;
				TARGETED_DEVICE_FAMILY = "1,2";
			};
			name = Debug;
		};
		3132E34C23CCB7B400DE82A2 /* Release */ = {
			isa = XCBuildConfiguration;
			baseConfigurationReference = D5FEC5F70E068842ED0C91F4 /* Pods-social-dev.release.xcconfig */;
			buildSettings = {
				ASSETCATALOG_COMPILER_APPICON_NAME = AppIcon;
				CODE_SIGN_STYLE = Automatic;
				DEVELOPMENT_TEAM = T32TPN22R5;
				INFOPLIST_FILE = "social-dev/Info.plist";
				LD_RUNPATH_SEARCH_PATHS = (
					"$(inherited)",
					"@executable_path/Frameworks",
				);
				PRODUCT_BUNDLE_IDENTIFIER = "com.kilyansockalingum.social-dev";
				PRODUCT_NAME = "$(TARGET_NAME)";
				SWIFT_VERSION = 5.0;
				TARGETED_DEVICE_FAMILY = "1,2";
			};
			name = Release;
		};
/* End XCBuildConfiguration section */

/* Begin XCConfigurationList section */
		3132E32F23CCB7AD00DE82A2 /* Build configuration list for PBXProject "social-dev" */ = {
			isa = XCConfigurationList;
			buildConfigurations = (
				3132E34823CCB7B400DE82A2 /* Debug */,
				3132E34923CCB7B400DE82A2 /* Release */,
			);
			defaultConfigurationIsVisible = 0;
			defaultConfigurationName = Release;
		};
		3132E34A23CCB7B400DE82A2 /* Build configuration list for PBXNativeTarget "social-dev" */ = {
			isa = XCConfigurationList;
			buildConfigurations = (
				3132E34B23CCB7B400DE82A2 /* Debug */,
				3132E34C23CCB7B400DE82A2 /* Release */,
			);
			defaultConfigurationIsVisible = 0;
			defaultConfigurationName = Release;
		};
/* End XCConfigurationList section */
	};
	rootObject = 3132E32C23CCB7AD00DE82A2 /* Project object */;
}
